// !$*UTF8*$!
{
	archiveVersion = 1;
	classes = {
	};
	objectVersion = 50;
	objects = {

/* Begin PBXBuildFile section */
		E8F939DB21F118FD004EFBB2 /* AppDelegate.swift in Sources */ = {isa = PBXBuildFile; fileRef = E8F939DA21F118FD004EFBB2 /* AppDelegate.swift */; };
		E8F939DD21F118FD004EFBB2 /* ViewController.swift in Sources */ = {isa = PBXBuildFile; fileRef = E8F939DC21F118FD004EFBB2 /* ViewController.swift */; };
		E8F939DF21F118FE004EFBB2 /* Assets.xcassets in Resources */ = {isa = PBXBuildFile; fileRef = E8F939DE21F118FE004EFBB2 /* Assets.xcassets */; };
		E8F939E221F118FE004EFBB2 /* Main.storyboard in Resources */ = {isa = PBXBuildFile; fileRef = E8F939E021F118FE004EFBB2 /* Main.storyboard */; };
/* End PBXBuildFile section */

/* Begin PBXFileReference section */
		E8F939D721F118FD004EFBB2 /* allyourpasswords.app */ = {isa = PBXFileReference; explicitFileType = wrapper.application; includeInIndex = 0; path = allyourpasswords.app; sourceTree = BUILT_PRODUCTS_DIR; };
		E8F939DA21F118FD004EFBB2 /* AppDelegate.swift */ = {isa = PBXFileReference; lastKnownFileType = sourcecode.swift; path = AppDelegate.swift; sourceTree = "<group>"; };
		E8F939DC21F118FD004EFBB2 /* ViewController.swift */ = {isa = PBXFileReference; lastKnownFileType = sourcecode.swift; path = ViewController.swift; sourceTree = "<group>"; };
		E8F939DE21F118FE004EFBB2 /* Assets.xcassets */ = {isa = PBXFileReference; lastKnownFileType = folder.assetcatalog; path = Assets.xcassets; sourceTree = "<group>"; };
		E8F939E121F118FE004EFBB2 /* Base */ = {isa = PBXFileReference; lastKnownFileType = file.storyboard; name = Base; path = Base.lproj/Main.storyboard; sourceTree = "<group>"; };
		E8F939E321F118FE004EFBB2 /* Info.plist */ = {isa = PBXFileReference; lastKnownFileType = text.plist.xml; path = Info.plist; sourceTree = "<group>"; };
		E8F939E421F118FE004EFBB2 /* allyourpasswords.entitlements */ = {isa = PBXFileReference; lastKnownFileType = text.plist.entitlements; path = allyourpasswords.entitlements; sourceTree = "<group>"; };
/* End PBXFileReference section */

/* Begin PBXFrameworksBuildPhase section */
		E8F939D421F118FD004EFBB2 /* Frameworks */ = {
			isa = PBXFrameworksBuildPhase;
			buildActionMask = 2147483647;
			files = (
			);
			runOnlyForDeploymentPostprocessing = 0;
		};
/* End PBXFrameworksBuildPhase section */

/* Begin PBXGroup section */
		E8F939CE21F118FD004EFBB2 = {
			isa = PBXGroup;
			children = (
				E8F939D921F118FD004EFBB2 /* allyourpasswords */,
				E8F939D821F118FD004EFBB2 /* Products */,
			);
			sourceTree = "<group>";
		};
		E8F939D821F118FD004EFBB2 /* Products */ = {
			isa = PBXGroup;
			children = (
				E8F939D721F118FD004EFBB2 /* allyourpasswords.app */,
			);
			name = Products;
			sourceTree = "<group>";
		};
		E8F939D921F118FD004EFBB2 /* allyourpasswords */ = {
			isa = PBXGroup;
			children = (
				E8F939DA21F118FD004EFBB2 /* AppDelegate.swift */,
				E8F939DC21F118FD004EFBB2 /* ViewController.swift */,
				E8F939DE21F118FE004EFBB2 /* Assets.xcassets */,
				E8F939E021F118FE004EFBB2 /* Main.storyboard */,
				E8F939E321F118FE004EFBB2 /* Info.plist */,
				E8F939E421F118FE004EFBB2 /* allyourpasswords.entitlements */,
			);
			path = allyourpasswords;
			sourceTree = "<group>";
		};
/* End PBXGroup section */

/* Begin PBXNativeTarget section */
		E8F939D621F118FD004EFBB2 /* allyourpasswords */ = {
			isa = PBXNativeTarget;
			buildConfigurationList = E8F939E721F118FE004EFBB2 /* Build configuration list for PBXNativeTarget "allyourpasswords" */;
			buildPhases = (
				E8F939D321F118FD004EFBB2 /* Sources */,
				E8F939D421F118FD004EFBB2 /* Frameworks */,
				E8F939D521F118FD004EFBB2 /* Resources */,
			);
			buildRules = (
			);
			dependencies = (
			);
			name = allyourpasswords;
			productName = allyourpasswords;
			productReference = E8F939D721F118FD004EFBB2 /* allyourpasswords.app */;
			productType = "com.apple.product-type.application";
		};
/* End PBXNativeTarget section */

/* Begin PBXProject section */
		E8F939CF21F118FD004EFBB2 /* Project object */ = {
			isa = PBXProject;
			attributes = {
				LastSwiftUpdateCheck = 1010;
				LastUpgradeCheck = 1010;
				ORGANIZATIONNAME = "Sean Walker";
				TargetAttributes = {
					E8F939D621F118FD004EFBB2 = {
						CreatedOnToolsVersion = 10.1;
					};
				};
			};
			buildConfigurationList = E8F939D221F118FD004EFBB2 /* Build configuration list for PBXProject "allyourpasswords" */;
			compatibilityVersion = "Xcode 9.3";
			developmentRegion = en;
			hasScannedForEncodings = 0;
			knownRegions = (
				en,
				Base,
			);
			mainGroup = E8F939CE21F118FD004EFBB2;
			productRefGroup = E8F939D821F118FD004EFBB2 /* Products */;
			projectDirPath = "";
			projectRoot = "";
			targets = (
				E8F939D621F118FD004EFBB2 /* allyourpasswords */,
			);
		};
/* End PBXProject section */

/* Begin PBXResourcesBuildPhase section */
		E8F939D521F118FD004EFBB2 /* Resources */ = {
			isa = PBXResourcesBuildPhase;
			buildActionMask = 2147483647;
			files = (
				E8F939DF21F118FE004EFBB2 /* Assets.xcassets in Resources */,
				E8F939E221F118FE004EFBB2 /* Main.storyboard in Resources */,
			);
			runOnlyForDeploymentPostprocessing = 0;
		};
/* End PBXResourcesBuildPhase section */

/* Begin PBXSourcesBuildPhase section */
		E8F939D321F118FD004EFBB2 /* Sources */ = {
			isa = PBXSourcesBuildPhase;
			buildActionMask = 2147483647;
			files = (
				E8F939DD21F118FD004EFBB2 /* ViewController.swift in Sources */,
				E8F939DB21F118FD004EFBB2 /* AppDelegate.swift in Sources */,
			);
			runOnlyForDeploymentPostprocessing = 0;
		};
/* End PBXSourcesBuildPhase section */

/* Begin PBXVariantGroup section */
		E8F939E021F118FE004EFBB2 /* Main.storyboard */ = {
			isa = PBXVariantGroup;
			children = (
				E8F939E121F118FE004EFBB2 /* Base */,
			);
			name = Main.storyboard;
			sourceTree = "<group>";
		};
/* End PBXVariantGroup section */

/* Begin XCBuildConfiguration section */
		E8F939E521F118FE004EFBB2 /* Debug */ = {
			isa = XCBuildConfiguration;
			buildSettings = {
				ALWAYS_SEARCH_USER_PATHS = NO;
				CLANG_ANALYZER_NONNULL = YES;
				CLANG_ANALYZER_NUMBER_OBJECT_CONVERSION = YES_AGGRESSIVE;
				CLANG_CXX_LANGUAGE_STANDARD = "gnu++14";
				CLANG_CXX_LIBRARY = "libc++";
				CLANG_ENABLE_MODULES = YES;
				CLANG_ENABLE_OBJC_ARC = YES;
				CLANG_ENABLE_OBJC_WEAK = YES;
				CLANG_WARN_BLOCK_CAPTURE_AUTORELEASING = YES;
				CLANG_WARN_BOOL_CONVERSION = YES;
				CLANG_WARN_COMMA = YES;
				CLANG_WARN_CONSTANT_CONVERSION = YES;
				CLANG_WARN_DEPRECATED_OBJC_IMPLEMENTATIONS = YES;
				CLANG_WARN_DIRECT_OBJC_ISA_USAGE = YES_ERROR;
				CLANG_WARN_DOCUMENTATION_COMMENTS = YES;
				CLANG_WARN_EMPTY_BODY = YES;
				CLANG_WARN_ENUM_CONVERSION = YES;
				CLANG_WARN_INFINITE_RECURSION = YES;
				CLANG_WARN_INT_CONVERSION = YES;
				CLANG_WARN_NON_LITERAL_NULL_CONVERSION = YES;
				CLANG_WARN_OBJC_IMPLICIT_RETAIN_SELF = YES;
				CLANG_WARN_OBJC_LITERAL_CONVERSION = YES;
				CLANG_WARN_OBJC_ROOT_CLASS = YES_ERROR;
				CLANG_WARN_RANGE_LOOP_ANALYSIS = YES;
				CLANG_WARN_STRICT_PROTOTYPES = YES;
				CLANG_WARN_SUSPICIOUS_MOVE = YES;
				CLANG_WARN_UNGUARDED_AVAILABILITY = YES_AGGRESSIVE;
				CLANG_WARN_UNREACHABLE_CODE = YES;
				CLANG_WARN__DUPLICATE_METHOD_MATCH = YES;
				CODE_SIGN_IDENTITY = "Mac Developer";
				COPY_PHASE_STRIP = NO;
				DEBUG_INFORMATION_FORMAT = dwarf;
				ENABLE_STRICT_OBJC_MSGSEND = YES;
				ENABLE_TESTABILITY = YES;
				GCC_C_LANGUAGE_STANDARD = gnu11;
				GCC_DYNAMIC_NO_PIC = NO;
				GCC_NO_COMMON_BLOCKS = YES;
				GCC_OPTIMIZATION_LEVEL = 0;
				GCC_PREPROCESSOR_DEFINITIONS = (
					"DEBUG=1",
					"$(inherited)",
				);
				GCC_WARN_64_TO_32_BIT_CONVERSION = YES;
				GCC_WARN_ABOUT_RETURN_TYPE = YES_ERROR;
				GCC_WARN_UNDECLARED_SELECTOR = YES;
				GCC_WARN_UNINITIALIZED_AUTOS = YES_AGGRESSIVE;
				GCC_WARN_UNUSED_FUNCTION = YES;
				GCC_WARN_UNUSED_VARIABLE = YES;
				MACOSX_DEPLOYMENT_TARGET = 10.14;
				MTL_ENABLE_DEBUG_INFO = INCLUDE_SOURCE;
				MTL_FAST_MATH = YES;
				ONLY_ACTIVE_ARCH = YES;
				SDKROOT = macosx;
				SWIFT_ACTIVE_COMPILATION_CONDITIONS = DEBUG;
				SWIFT_OPTIMIZATION_LEVEL = "-Onone";
			};
			name = Debug;
		};
		E8F939E621F118FE004EFBB2 /* Release */ = {
			isa = XCBuildConfiguration;
			buildSettings = {
				ALWAYS_SEARCH_USER_PATHS = NO;
				CLANG_ANALYZER_NONNULL = YES;
				CLANG_ANALYZER_NUMBER_OBJECT_CONVERSION = YES_AGGRESSIVE;
				CLANG_CXX_LANGUAGE_STANDARD = "gnu++14";
				CLANG_CXX_LIBRARY = "libc++";
				CLANG_ENABLE_MODULES = YES;
				CLANG_ENABLE_OBJC_ARC = YES;
				CLANG_ENABLE_OBJC_WEAK = YES;
				CLANG_WARN_BLOCK_CAPTURE_AUTORELEASING = YES;
				CLANG_WARN_BOOL_CONVERSION = YES;
				CLANG_WARN_COMMA = YES;
				CLANG_WARN_CONSTANT_CONVERSION = YES;
				CLANG_WARN_DEPRECATED_OBJC_IMPLEMENTATIONS = YES;
				CLANG_WARN_DIRECT_OBJC_ISA_USAGE = YES_ERROR;
				CLANG_WARN_DOCUMENTATION_COMMENTS = YES;
				CLANG_WARN_EMPTY_BODY = YES;
				CLANG_WARN_ENUM_CONVERSION = YES;
				CLANG_WARN_INFINITE_RECURSION = YES;
				CLANG_WARN_INT_CONVERSION = YES;
				CLANG_WARN_NON_LITERAL_NULL_CONVERSION = YES;
				CLANG_WARN_OBJC_IMPLICIT_RETAIN_SELF = YES;
				CLANG_WARN_OBJC_LITERAL_CONVERSION = YES;
				CLANG_WARN_OBJC_ROOT_CLASS = YES_ERROR;
				CLANG_WARN_RANGE_LOOP_ANALYSIS = YES;
				CLANG_WARN_STRICT_PROTOTYPES = YES;
				CLANG_WARN_SUSPICIOUS_MOVE = YES;
				CLANG_WARN_UNGUARDED_AVAILABILITY = YES_AGGRESSIVE;
				CLANG_WARN_UNREACHABLE_CODE = YES;
				CLANG_WARN__DUPLICATE_METHOD_MATCH = YES;
				CODE_SIGN_IDENTITY = "Mac Developer";
				COPY_PHASE_STRIP = NO;
				DEBUG_INFORMATION_FORMAT = "dwarf-with-dsym";
				ENABLE_NS_ASSERTIONS = NO;
				ENABLE_STRICT_OBJC_MSGSEND = YES;
				GCC_C_LANGUAGE_STANDARD = gnu11;
				GCC_NO_COMMON_BLOCKS = YES;
				GCC_WARN_64_TO_32_BIT_CONVERSION = YES;
				GCC_WARN_ABOUT_RETURN_TYPE = YES_ERROR;
				GCC_WARN_UNDECLARED_SELECTOR = YES;
				GCC_WARN_UNINITIALIZED_AUTOS = YES_AGGRESSIVE;
				GCC_WARN_UNUSED_FUNCTION = YES;
				GCC_WARN_UNUSED_VARIABLE = YES;
				MACOSX_DEPLOYMENT_TARGET = 10.14;
				MTL_ENABLE_DEBUG_INFO = NO;
				MTL_FAST_MATH = YES;
				SDKROOT = macosx;
				SWIFT_COMPILATION_MODE = wholemodule;
				SWIFT_OPTIMIZATION_LEVEL = "-O";
			};
			name = Release;
		};
		E8F939E821F118FE004EFBB2 /* Debug */ = {
			isa = XCBuildConfiguration;
			buildSettings = {
				ASSETCATALOG_COMPILER_APPICON_NAME = AppIcon;
				CODE_SIGN_ENTITLEMENTS = allyourpasswords/allyourpasswords.entitlements;
				CODE_SIGN_STYLE = Automatic;
				COMBINE_HIDPI_IMAGES = YES;
				DEVELOPMENT_TEAM = 3822QQG8P7;
				INFOPLIST_FILE = allyourpasswords/Info.plist;
				LD_RUNPATH_SEARCH_PATHS = (
					"$(inherited)",
					"@executable_path/../Frameworks",
				);
				PRODUCT_BUNDLE_IDENTIFIER = com.swlkr.allyourpasswords;
				PRODUCT_NAME = "$(TARGET_NAME)";
				SWIFT_VERSION = 4.2;
			};
			name = Debug;
		};
		E8F939E921F118FE004EFBB2 /* Release */ = {
			isa = XCBuildConfiguration;
			buildSettings = {
				ASSETCATALOG_COMPILER_APPICON_NAME = AppIcon;
				CODE_SIGN_ENTITLEMENTS = allyourpasswords/allyourpasswords.entitlements;
				CODE_SIGN_STYLE = Automatic;
				COMBINE_HIDPI_IMAGES = YES;
				DEVELOPMENT_TEAM = 3822QQG8P7;
				INFOPLIST_FILE = allyourpasswords/Info.plist;
				LD_RUNPATH_SEARCH_PATHS = (
					"$(inherited)",
					"@executable_path/../Frameworks",
				);
				PRODUCT_BUNDLE_IDENTIFIER = com.swlkr.allyourpasswords;
				PRODUCT_NAME = "$(TARGET_NAME)";
				SWIFT_VERSION = 4.2;
			};
			name = Release;
		};
/* End XCBuildConfiguration section */

/* Begin XCConfigurationList section */
		E8F939D221F118FD004EFBB2 /* Build configuration list for PBXProject "allyourpasswords" */ = {
			isa = XCConfigurationList;
			buildConfigurations = (
				E8F939E521F118FE004EFBB2 /* Debug */,
				E8F939E621F118FE004EFBB2 /* Release */,
			);
			defaultConfigurationIsVisible = 0;
			defaultConfigurationName = Release;
		};
		E8F939E721F118FE004EFBB2 /* Build configuration list for PBXNativeTarget "allyourpasswords" */ = {
			isa = XCConfigurationList;
			buildConfigurations = (
				E8F939E821F118FE004EFBB2 /* Debug */,
				E8F939E921F118FE004EFBB2 /* Release */,
			);
			defaultConfigurationIsVisible = 0;
			defaultConfigurationName = Release;
		};
/* End XCConfigurationList section */
	};
	rootObject = E8F939CF21F118FD004EFBB2 /* Project object */;
}
